
Microsoft Visual Studio Solution File, Format Version 12.00
# Visual Studio Version 16
VisualStudioVersion = 16.0.29123.88
MinimumVisualStudioVersion = 10.0.40219.1
Project("{FAE04EC0-301F-11D3-BF4B-00C04F79EFBC}") = "CalculatorConvertor.UWP", "CalculatorConvertor\CalculatorConvertor.UWP\CalculatorConvertor.UWP.csproj", "{99E30166-3972-428C-A497-0C063454A021}"
EndProject
Project("{FAE04EC0-301F-11D3-BF4B-00C04F79EFBC}") = "CalculatorConvertor.Android", "CalculatorConvertor\CalculatorConvertor.Android\CalculatorConvertor.Android.csproj", "{49A812CA-3D00-46B1-8A92-B3E56EF40934}"
EndProject
Project("{FAE04EC0-301F-11D3-BF4B-00C04F79EFBC}") = "CalculatorConvertor.iOS", "CalculatorConvertor\CalculatorConvertor.iOS\CalculatorConvertor.iOS.csproj", "{CFA1D5C0-FAD4-47B0-B34F-380A566BE531}"
EndProject
Project("{FAE04EC0-301F-11D3-BF4B-00C04F79EFBC}") = "CalculatorConvertor", "CalculatorConvertor\CalculatorConvertor\CalculatorConvertor.csproj", "{483E471A-5423-4D7C-B96E-87799E76F200}"
EndProject
Global
	GlobalSection(SolutionConfigurationPlatforms) = preSolution
		Debug|Any CPU = Debug|Any CPU
		Debug|ARM = Debug|ARM
		Debug|iPhone = Debug|iPhone
		Debug|iPhoneSimulator = Debug|iPhoneSimulator
		Debug|x64 = Debug|x64
		Debug|x86 = Debug|x86
		Release|Any CPU = Release|Any CPU
		Release|ARM = Release|ARM
		Release|iPhone = Release|iPhone
		Release|iPhoneSimulator = Release|iPhoneSimulator
		Release|x64 = Release|x64
		Release|x86 = Release|x86
	EndGlobalSection
	GlobalSection(ProjectConfigurationPlatforms) = postSolution
		{99E30166-3972-428C-A497-0C063454A021}.Debug|Any CPU.ActiveCfg = Debug|x86
		{99E30166-3972-428C-A497-0C063454A021}.Debug|Any CPU.Build.0 = Debug|x86
		{99E30166-3972-428C-A497-0C063454A021}.Debug|Any CPU.Deploy.0 = Debug|x86
		{99E30166-3972-428C-A497-0C063454A021}.Debug|ARM.ActiveCfg = Debug|ARM
		{99E30166-3972-428C-A497-0C063454A021}.Debug|ARM.Build.0 = Debug|ARM
		{99E30166-3972-428C-A497-0C063454A021}.Debug|ARM.Deploy.0 = Debug|ARM
		{99E30166-3972-428C-A497-0C063454A021}.Debug|iPhone.ActiveCfg = Debug|x86
		{99E30166-3972-428C-A497-0C063454A021}.Debug|iPhone.Build.0 = Debug|x86
		{99E30166-3972-428C-A497-0C063454A021}.Debug|iPhone.Deploy.0 = Debug|x86
		{99E30166-3972-428C-A497-0C063454A021}.Debug|iPhoneSimulator.ActiveCfg = Debug|x86
		{99E30166-3972-428C-A497-0C063454A021}.Debug|iPhoneSimulator.Build.0 = Debug|x86
		{99E30166-3972-428C-A497-0C063454A021}.Debug|iPhoneSimulator.Deploy.0 = Debug|x86
		{99E30166-3972-428C-A497-0C063454A021}.Debug|x64.ActiveCfg = Debug|x64
		{99E30166-3972-428C-A497-0C063454A021}.Debug|x64.Build.0 = Debug|x64
		{99E30166-3972-428C-A497-0C063454A021}.Debug|x64.Deploy.0 = Debug|x64
		{99E30166-3972-428C-A497-0C063454A021}.Debug|x86.ActiveCfg = Debug|x86
		{99E30166-3972-428C-A497-0C063454A021}.Debug|x86.Build.0 = Debug|x86
		{99E30166-3972-428C-A497-0C063454A021}.Debug|x86.Deploy.0 = Debug|x86
		{99E30166-3972-428C-A497-0C063454A021}.Release|Any CPU.ActiveCfg = Release|x86
		{99E30166-3972-428C-A497-0C063454A021}.Release|Any CPU.Build.0 = Release|x86
		{99E30166-3972-428C-A497-0C063454A021}.Release|Any CPU.Deploy.0 = Release|x86
		{99E30166-3972-428C-A497-0C063454A021}.Release|ARM.ActiveCfg = Release|ARM
		{99E30166-3972-428C-A497-0C063454A021}.Release|ARM.Build.0 = Release|ARM
		{99E30166-3972-428C-A497-0C063454A021}.Release|ARM.Deploy.0 = Release|ARM
		{99E30166-3972-428C-A497-0C063454A021}.Release|iPhone.ActiveCfg = Release|x86
		{99E30166-3972-428C-A497-0C063454A021}.Release|iPhone.Build.0 = Release|x86
		{99E30166-3972-428C-A497-0C063454A021}.Release|iPhone.Deploy.0 = Release|x86
		{99E30166-3972-428C-A497-0C063454A021}.Release|iPhoneSimulator.ActiveCfg = Release|x86
		{99E30166-3972-428C-A497-0C063454A021}.Release|iPhoneSimulator.Build.0 = Release|x86
		{99E30166-3972-428C-A497-0C063454A021}.Release|iPhoneSimulator.Deploy.0 = Release|x86
		{99E30166-3972-428C-A497-0C063454A021}.Release|x64.ActiveCfg = Release|x64
		{99E30166-3972-428C-A497-0C063454A021}.Release|x64.Build.0 = Release|x64
		{99E30166-3972-428C-A497-0C063454A021}.Release|x64.Deploy.0 = Release|x64
		{99E30166-3972-428C-A497-0C063454A021}.Release|x86.ActiveCfg = Release|x86
		{99E30166-3972-428C-A497-0C063454A021}.Release|x86.Build.0 = Release|x86
		{99E30166-3972-428C-A497-0C063454A021}.Release|x86.Deploy.0 = Release|x86
		{49A812CA-3D00-46B1-8A92-B3E56EF40934}.Debug|Any CPU.ActiveCfg = Debug|Any CPU
		{49A812CA-3D00-46B1-8A92-B3E56EF40934}.Debug|Any CPU.Build.0 = Debug|Any CPU
		{49A812CA-3D00-46B1-8A92-B3E56EF40934}.Debug|Any CPU.Deploy.0 = Debug|Any CPU
		{49A812CA-3D00-46B1-8A92-B3E56EF40934}.Debug|ARM.ActiveCfg = Debug|Any CPU
		{49A812CA-3D00-46B1-8A92-B3E56EF40934}.Debug|ARM.Build.0 = Debug|Any CPU
		{49A812CA-3D00-46B1-8A92-B3E56EF40934}.Debug|ARM.Deploy.0 = Debug|Any CPU
		{49A812CA-3D00-46B1-8A92-B3E56EF40934}.Debug|iPhone.ActiveCfg = Debug|Any CPU
		{49A812CA-3D00-46B1-8A92-B3E56EF40934}.Debug|iPhone.Build.0 = Debug|Any CPU
		{49A812CA-3D00-46B1-8A92-B3E56EF40934}.Debug|iPhone.Deploy.0 = Debug|Any CPU
		{49A812CA-3D00-46B1-8A92-B3E56EF40934}.Debug|iPhoneSimulator.ActiveCfg = Debug|Any CPU
		{49A812CA-3D00-46B1-8A92-B3E56EF40934}.Debug|iPhoneSimulator.Build.0 = Debug|Any CPU
		{49A812CA-3D00-46B1-8A92-B3E56EF40934}.Debug|iPhoneSimulator.Deploy.0 = Debug|Any CPU
		{49A812CA-3D00-46B1-8A92-B3E56EF40934}.Debug|x64.ActiveCfg = Debug|Any CPU
		{49A812CA-3D00-46B1-8A92-B3E56EF40934}.Debug|x64.Build.0 = Debug|Any CPU
		{49A812CA-3D00-46B1-8A92-B3E56EF40934}.Debug|x64.Deploy.0 = Debug|Any CPU
		{49A812CA-3D00-46B1-8A92-B3E56EF40934}.Debug|x86.ActiveCfg = Debug|Any CPU
		{49A812CA-3D00-46B1-8A92-B3E56EF40934}.Debug|x86.Build.0 = Debug|Any CPU
		{49A812CA-3D00-46B1-8A92-B3E56EF40934}.Debug|x86.Deploy.0 = Debug|Any CPU
		{49A812CA-3D00-46B1-8A92-B3E56EF40934}.Release|Any CPU.ActiveCfg = Release|Any CPU
		{49A812CA-3D00-46B1-8A92-B3E56EF40934}.Release|Any CPU.Build.0 = Release|Any CPU
		{49A812CA-3D00-46B1-8A92-B3E56EF40934}.Release|Any CPU.Deploy.0 = Release|Any CPU
		{49A812CA-3D00-46B1-8A92-B3E56EF40934}.Release|ARM.ActiveCfg = Release|Any CPU
		{49A812CA-3D00-46B1-8A92-B3E56EF40934}.Release|ARM.Build.0 = Release|Any CPU
		{49A812CA-3D00-46B1-8A92-B3E56EF40934}.Release|ARM.Deploy.0 = Release|Any CPU
		{49A812CA-3D00-46B1-8A92-B3E56EF40934}.Release|iPhone.ActiveCfg = Release|Any CPU
		{49A812CA-3D00-46B1-8A92-B3E56EF40934}.Release|iPhone.Build.0 = Release|Any CPU
		{49A812CA-3D00-46B1-8A92-B3E56EF40934}.Release|iPhone.Deploy.0 = Release|Any CPU
		{49A812CA-3D00-46B1-8A92-B3E56EF40934}.Release|iPhoneSimulator.ActiveCfg = Release|Any CPU
		{49A812CA-3D00-46B1-8A92-B3E56EF40934}.Release|iPhoneSimulator.Build.0 = Release|Any CPU
		{49A812CA-3D00-46B1-8A92-B3E56EF40934}.Release|iPhoneSimulator.Deploy.0 = Release|Any CPU
		{49A812CA-3D00-46B1-8A92-B3E56EF40934}.Release|x64.ActiveCfg = Release|Any CPU
		{49A812CA-3D00-46B1-8A92-B3E56EF40934}.Release|x64.Build.0 = Release|Any CPU
		{49A812CA-3D00-46B1-8A92-B3E56EF40934}.Release|x64.Deploy.0 = Release|Any CPU
		{49A812CA-3D00-46B1-8A92-B3E56EF40934}.Release|x86.ActiveCfg = Release|Any CPU
		{49A812CA-3D00-46B1-8A92-B3E56EF40934}.Release|x86.Build.0 = Release|Any CPU
		{49A812CA-3D00-46B1-8A92-B3E56EF40934}.Release|x86.Deploy.0 = Release|Any CPU
		{CFA1D5C0-FAD4-47B0-B34F-380A566BE531}.Debug|Any CPU.ActiveCfg = Debug|iPhone
		{CFA1D5C0-FAD4-47B0-B34F-380A566BE531}.Debug|Any CPU.Build.0 = Debug|iPhone
		{CFA1D5C0-FAD4-47B0-B34F-380A566BE531}.Debug|Any CPU.Deploy.0 = Debug|iPhone
		{CFA1D5C0-FAD4-47B0-B34F-380A566BE531}.Debug|ARM.ActiveCfg = Debug|iPhoneSimulator
		{CFA1D5C0-FAD4-47B0-B34F-380A566BE531}.Debug|ARM.Build.0 = Debug|iPhoneSimulator
		{CFA1D5C0-FAD4-47B0-B34F-380A566BE531}.Debug|ARM.Deploy.0 = Debug|iPhoneSimulator
		{CFA1D5C0-FAD4-47B0-B34F-380A566BE531}.Debug|iPhone.ActiveCfg = Debug|iPhone
		{CFA1D5C0-FAD4-47B0-B34F-380A566BE531}.Debug|iPhone.Build.0 = Debug|iPhone
		{CFA1D5C0-FAD4-47B0-B34F-380A566BE531}.Debug|iPhone.Deploy.0 = Debug|iPhone
		{CFA1D5C0-FAD4-47B0-B34F-380A566BE531}.Debug|iPhoneSimulator.ActiveCfg = Debug|iPhoneSimulator
		{CFA1D5C0-FAD4-47B0-B34F-380A566BE531}.Debug|iPhoneSimulator.Build.0 = Debug|iPhoneSimulator
		{CFA1D5C0-FAD4-47B0-B34F-380A566BE531}.Debug|iPhoneSimulator.Deploy.0 = Debug|iPhoneSimulator
		{CFA1D5C0-FAD4-47B0-B34F-380A566BE531}.Debug|x64.ActiveCfg = Debug|iPhone
		{CFA1D5C0-FAD4-47B0-B34F-380A566BE531}.Debug|x64.Build.0 = Debug|iPhone
		{CFA1D5C0-FAD4-47B0-B34F-380A566BE531}.Debug|x64.Deploy.0 = Debug|iPhone
		{CFA1D5C0-FAD4-47B0-B34F-380A566BE531}.Debug|x86.ActiveCfg = Debug|iPhone
		{CFA1D5C0-FAD4-47B0-B34F-380A566BE531}.Debug|x86.Build.0 = Debug|iPhone
		{CFA1D5C0-FAD4-47B0-B34F-380A566BE531}.Debug|x86.Deploy.0 = Debug|iPhone
		{CFA1D5C0-FAD4-47B0-B34F-380A566BE531}.Release|Any CPU.ActiveCfg = Release|iPhone
		{CFA1D5C0-FAD4-47B0-B34F-380A566BE531}.Release|Any CPU.Build.0 = Release|iPhone
		{CFA1D5C0-FAD4-47B0-B34F-380A566BE531}.Release|Any CPU.Deploy.0 = Release|iPhone
		{CFA1D5C0-FAD4-47B0-B34F-380A566BE531}.Release|ARM.ActiveCfg = Release|iPhone
		{CFA1D5C0-FAD4-47B0-B34F-380A566BE531}.Release|ARM.Build.0 = Release|iPhone
		{CFA1D5C0-FAD4-47B0-B34F-380A566BE531}.Release|ARM.Deploy.0 = Release|iPhone
		{CFA1D5C0-FAD4-47B0-B34F-380A566BE531}.Release|iPhone.ActiveCfg = Release|iPhone
		{CFA1D5C0-FAD4-47B0-B34F-380A566BE531}.Release|iPhone.Build.0 = Release|iPhone
		{CFA1D5C0-FAD4-47B0-B34F-380A566BE531}.Release|iPhone.Deploy.0 = Release|iPhone
		{CFA1D5C0-FAD4-47B0-B34F-380A566BE531}.Release|iPhoneSimulator.ActiveCfg = Release|iPhoneSimulator
		{CFA1D5C0-FAD4-47B0-B34F-380A566BE531}.Release|iPhoneSimulator.Build.0 = Release|iPhoneSimulator
		{CFA1D5C0-FAD4-47B0-B34F-380A566BE531}.Release|iPhoneSimulator.Deploy.0 = Release|iPhoneSimulator
		{CFA1D5C0-FAD4-47B0-B34F-380A566BE531}.Release|x64.ActiveCfg = Release|iPhone
		{CFA1D5C0-FAD4-47B0-B34F-380A566BE531}.Release|x64.Build.0 = Release|iPhone
		{CFA1D5C0-FAD4-47B0-B34F-380A566BE531}.Release|x64.Deploy.0 = Release|iPhone
		{CFA1D5C0-FAD4-47B0-B34F-380A566BE531}.Release|x86.ActiveCfg = Release|iPhone
		{CFA1D5C0-FAD4-47B0-B34F-380A566BE531}.Release|x86.Build.0 = Release|iPhone
		{CFA1D5C0-FAD4-47B0-B34F-380A566BE531}.Release|x86.Deploy.0 = Release|iPhone
		{483E471A-5423-4D7C-B96E-87799E76F200}.Debug|Any CPU.ActiveCfg = Debug|Any CPU
		{483E471A-5423-4D7C-B96E-87799E76F200}.Debug|Any CPU.Build.0 = Debug|Any CPU
		{483E471A-5423-4D7C-B96E-87799E76F200}.Debug|Any CPU.Deploy.0 = Debug|Any CPU
		{483E471A-5423-4D7C-B96E-87799E76F200}.Debug|ARM.ActiveCfg = Debug|Any CPU
		{483E471A-5423-4D7C-B96E-87799E76F200}.Debug|ARM.Build.0 = Debug|Any CPU
		{483E471A-5423-4D7C-B96E-87799E76F200}.Debug|ARM.Deploy.0 = Debug|Any CPU
		{483E471A-5423-4D7C-B96E-87799E76F200}.Debug|iPhone.ActiveCfg = Debug|Any CPU
		{483E471A-5423-4D7C-B96E-87799E76F200}.Debug|iPhone.Build.0 = Debug|Any CPU
		{483E471A-5423-4D7C-B96E-87799E76F200}.Debug|iPhone.Deploy.0 = Debug|Any CPU
		{483E471A-5423-4D7C-B96E-87799E76F200}.Debug|iPhoneSimulator.ActiveCfg = Debug|Any CPU
		{483E471A-5423-4D7C-B96E-87799E76F200}.Debug|iPhoneSimulator.Build.0 = Debug|Any CPU
		{483E471A-5423-4D7C-B96E-87799E76F200}.Debug|iPhoneSimulator.Deploy.0 = Debug|Any CPU
		{483E471A-5423-4D7C-B96E-87799E76F200}.Debug|x64.ActiveCfg = Debug|Any CPU
		{483E471A-5423-4D7C-B96E-87799E76F200}.Debug|x64.Build.0 = Debug|Any CPU
		{483E471A-5423-4D7C-B96E-87799E76F200}.Debug|x64.Deploy.0 = Debug|Any CPU
		{483E471A-5423-4D7C-B96E-87799E76F200}.Debug|x86.ActiveCfg = Debug|Any CPU
		{483E471A-5423-4D7C-B96E-87799E76F200}.Debug|x86.Build.0 = Debug|Any CPU
		{483E471A-5423-4D7C-B96E-87799E76F200}.Debug|x86.Deploy.0 = Debug|Any CPU
		{483E471A-5423-4D7C-B96E-87799E76F200}.Release|Any CPU.ActiveCfg = Release|Any CPU
		{483E471A-5423-4D7C-B96E-87799E76F200}.Release|Any CPU.Build.0 = Release|Any CPU
		{483E471A-5423-4D7C-B96E-87799E76F200}.Release|Any CPU.Deploy.0 = Release|Any CPU
		{483E471A-5423-4D7C-B96E-87799E76F200}.Release|ARM.ActiveCfg = Release|Any CPU
		{483E471A-5423-4D7C-B96E-87799E76F200}.Release|ARM.Build.0 = Release|Any CPU
		{483E471A-5423-4D7C-B96E-87799E76F200}.Release|ARM.Deploy.0 = Release|Any CPU
		{483E471A-5423-4D7C-B96E-87799E76F200}.Release|iPhone.ActiveCfg = Release|Any CPU
		{483E471A-5423-4D7C-B96E-87799E76F200}.Release|iPhone.Build.0 = Release|Any CPU
		{483E471A-5423-4D7C-B96E-87799E76F200}.Release|iPhone.Deploy.0 = Release|Any CPU
		{483E471A-5423-4D7C-B96E-87799E76F200}.Release|iPhoneSimulator.ActiveCfg = Release|Any CPU
		{483E471A-5423-4D7C-B96E-87799E76F200}.Release|iPhoneSimulator.Build.0 = Release|Any CPU
		{483E471A-5423-4D7C-B96E-87799E76F200}.Release|iPhoneSimulator.Deploy.0 = Release|Any CPU
		{483E471A-5423-4D7C-B96E-87799E76F200}.Release|x64.ActiveCfg = Release|Any CPU
		{483E471A-5423-4D7C-B96E-87799E76F200}.Release|x64.Build.0 = Release|Any CPU
		{483E471A-5423-4D7C-B96E-87799E76F200}.Release|x64.Deploy.0 = Release|Any CPU
		{483E471A-5423-4D7C-B96E-87799E76F200}.Release|x86.ActiveCfg = Release|Any CPU
		{483E471A-5423-4D7C-B96E-87799E76F200}.Release|x86.Build.0 = Release|Any CPU
		{483E471A-5423-4D7C-B96E-87799E76F200}.Release|x86.Deploy.0 = Release|Any CPU
	EndGlobalSection
	GlobalSection(SolutionProperties) = preSolution
		HideSolutionNode = FALSE
	EndGlobalSection
	GlobalSection(ExtensibilityGlobals) = postSolution
		SolutionGuid = {A3AFED44-9C3E-4FBD-A9E3-4DA1000E8415}
	EndGlobalSection
EndGlobal
